
Microsoft Visual Studio Solution File, Format Version 12.00
# Visual Studio Version 17
VisualStudioVersion = 17.1.32319.34
MinimumVisualStudioVersion = 10.0.40219.1
Project("{FAE04EC0-301F-11D3-BF4B-00C04F79EFBC}") = "uwu installer", "uwu installer\uwu installer.csproj", "{09BDB568-7993-4C23-BF9D-9678EEB6F44A}"
EndProject
Project("{FAE04EC0-301F-11D3-BF4B-00C04F79EFBC}") = "Installer Class Library", "Installer Class Library\Installer Class Library.csproj", "{5A671C41-9F5E-4381-A2F3-8D5766AFD952}"
EndProject
Global
	GlobalSection(SolutionConfigurationPlatforms) = preSolution
		Debug|Any CPU = Debug|Any CPU
		Release|Any CPU = Release|Any CPU
	EndGlobalSection
	GlobalSection(ProjectConfigurationPlatforms) = postSolution
		{09BDB568-7993-4C23-BF9D-9678EEB6F44A}.Debug|Any CPU.ActiveCfg = Debug|Any CPU
		{09BDB568-7993-4C23-BF9D-9678EEB6F44A}.Debug|Any CPU.Build.0 = Debug|Any CPU
		{09BDB568-7993-4C23-BF9D-9678EEB6F44A}.Release|Any CPU.ActiveCfg = Release|Any CPU
		{09BDB568-7993-4C23-BF9D-9678EEB6F44A}.Release|Any CPU.Build.0 = Release|Any CPU
		{5A671C41-9F5E-4381-A2F3-8D5766AFD952}.Debug|Any CPU.ActiveCfg = Debug|Any CPU
		{5A671C41-9F5E-4381-A2F3-8D5766AFD952}.Debug|Any CPU.Build.0 = Debug|Any CPU
		{5A671C41-9F5E-4381-A2F3-8D5766AFD952}.Release|Any CPU.ActiveCfg = Release|Any CPU
		{5A671C41-9F5E-4381-A2F3-8D5766AFD952}.Release|Any CPU.Build.0 = Release|Any CPU
	EndGlobalSection
	GlobalSection(SolutionProperties) = preSolution
		HideSolutionNode = FALSE
	EndGlobalSection
	GlobalSection(ExtensibilityGlobals) = postSolution
		SolutionGuid = {4A879689-F456-4582-8C62-B687FC022045}
	EndGlobalSection
EndGlobal
